
Microsoft Visual Studio Solution File, Format Version 12.00
# Visual Studio Version 17
VisualStudioVersion = 17.0.31903.59
MinimumVisualStudioVersion = 10.0.40219.1
Project("{2150E333-8FDC-42A3-9474-1A3956D46DE8}") = "src", "src", "{827E0CD3-B72D-47B6-A68D-7590B98EB39B}"
EndProject
Project("{FAE04EC0-301F-11D3-BF4B-00C04F79EFBC}") = "EJLive.Application", "src\EJLive.Application\EJLive.Application.csproj", "{B481716D-4254-448F-ADF3-CDB53D51D102}"
EndProject
Project("{FAE04EC0-301F-11D3-BF4B-00C04F79EFBC}") = "EJLive.Business", "src\EJLive.Business\EJLive.Business.csproj", "{3EE9639A-1EAA-43ED-84E0-096D932567CB}"
EndProject
Project("{FAE04EC0-301F-11D3-BF4B-00C04F79EFBC}") = "EJLive.Core", "src\EJLive.Core\EJLive.Core.csproj", "{D2378632-B249-4A62-9B64-BE714C49C4E0}"
EndProject
Project("{FAE04EC0-301F-11D3-BF4B-00C04F79EFBC}") = "EJLive.Shared", "src\EJLive.Shared\EJLive.Shared.csproj", "{655B1E47-7241-4003-8289-3077A5FBE88F}"
EndProject
Project("{FAE04EC0-301F-11D3-BF4B-00C04F79EFBC}") = "EJLive.Client.WinForms", "src\EJLive.Client.WinForms\EJLive.Client.WinForms.csproj", "{6B74B469-2C73-45EF-93DC-5FEF2092A782}"
EndProject
Project("{FAE04EC0-301F-11D3-BF4B-00C04F79EFBC}") = "EJLive.Installer.WinForms", "src\EJLive.Installer.WinForms\EJLive.Installer.WinForms.csproj", "{54EB5C3F-3B28-4350-A2F0-4D8BE0D77401}"
EndProject
Project("{FAE04EC0-301F-11D3-BF4B-00C04F79EFBC}") = "EJLive.LegacyReference", "src\EJLive.LegacyReference\EJLive.LegacyReference.csproj", "{6EBFFFAE-DC46-4F9B-B2A8-AF181C7BE94B}"
EndProject
Project("{FAE04EC0-301F-11D3-BF4B-00C04F79EFBC}") = "EJLive.Monitor", "src\EJLive.Monitor\EJLive.Monitor.csproj", "{702CF043-E2A8-4A77-8B8B-4D3C8B96BA53}"
EndProject
Project("{FAE04EC0-301F-11D3-BF4B-00C04F79EFBC}") = "EJLive.Monitoring.WinForms", "src\EJLive.Monitoring.WinForms\EJLive.Monitoring.WinForms.csproj", "{912289F8-FAFC-4E3B-B4CB-14C6DB99DD67}"
EndProject
Project("{FAE04EC0-301F-11D3-BF4B-00C04F79EFBC}") = "EJLive.Server.WinForms", "src\EJLive.Server.WinForms\EJLive.Server.WinForms.csproj", "{3C287B42-B887-4287-99AF-A217E497A8B6}"
EndProject
Project("{FAE04EC0-301F-11D3-BF4B-00C04F79EFBC}") = "EJLive.Tests", "src\EJLive.Tests\EJLive.Tests.csproj", "{E38950EB-930C-4300-B33B-D165246FEA8B}"
EndProject
Project("{FAE04EC0-301F-11D3-BF4B-00C04F79EFBC}") = "EJLive.Verification", "src\EJLive.Verification\EJLive.Verification.csproj", "{1EBB169E-2A1A-4CC9-944B-D5C92502FB05}"
EndProject
Global
	GlobalSection(SolutionConfigurationPlatforms) = preSolution
		Debug|Any CPU = Debug|Any CPU
		Debug|x64 = Debug|x64
		Debug|x86 = Debug|x86
		Release|Any CPU = Release|Any CPU
		Release|x64 = Release|x64
		Release|x86 = Release|x86
	EndGlobalSection
	GlobalSection(ProjectConfigurationPlatforms) = postSolution
		{B481716D-4254-448F-ADF3-CDB53D51D102}.Debug|Any CPU.ActiveCfg = Debug|Any CPU
		{B481716D-4254-448F-ADF3-CDB53D51D102}.Debug|Any CPU.Build.0 = Debug|Any CPU
		{B481716D-4254-448F-ADF3-CDB53D51D102}.Debug|x64.ActiveCfg = Debug|Any CPU
		{B481716D-4254-448F-ADF3-CDB53D51D102}.Debug|x64.Build.0 = Debug|Any CPU
		{B481716D-4254-448F-ADF3-CDB53D51D102}.Debug|x86.ActiveCfg = Debug|Any CPU
		{B481716D-4254-448F-ADF3-CDB53D51D102}.Debug|x86.Build.0 = Debug|Any CPU
		{B481716D-4254-448F-ADF3-CDB53D51D102}.Release|Any CPU.ActiveCfg = Release|Any CPU
		{B481716D-4254-448F-ADF3-CDB53D51D102}.Release|Any CPU.Build.0 = Release|Any CPU
		{B481716D-4254-448F-ADF3-CDB53D51D102}.Release|x64.ActiveCfg = Release|Any CPU
		{B481716D-4254-448F-ADF3-CDB53D51D102}.Release|x64.Build.0 = Release|Any CPU
		{B481716D-4254-448F-ADF3-CDB53D51D102}.Release|x86.ActiveCfg = Release|Any CPU
		{B481716D-4254-448F-ADF3-CDB53D51D102}.Release|x86.Build.0 = Release|Any CPU
		{3EE9639A-1EAA-43ED-84E0-096D932567CB}.Debug|Any CPU.ActiveCfg = Debug|Any CPU
		{3EE9639A-1EAA-43ED-84E0-096D932567CB}.Debug|Any CPU.Build.0 = Debug|Any CPU
		{3EE9639A-1EAA-43ED-84E0-096D932567CB}.Debug|x64.ActiveCfg = Debug|Any CPU
		{3EE9639A-1EAA-43ED-84E0-096D932567CB}.Debug|x64.Build.0 = Debug|Any CPU
		{3EE9639A-1EAA-43ED-84E0-096D932567CB}.Debug|x86.ActiveCfg = Debug|Any CPU
		{3EE9639A-1EAA-43ED-84E0-096D932567CB}.Debug|x86.Build.0 = Debug|Any CPU
		{3EE9639A-1EAA-43ED-84E0-096D932567CB}.Release|Any CPU.ActiveCfg = Release|Any CPU
		{3EE9639A-1EAA-43ED-84E0-096D932567CB}.Release|Any CPU.Build.0 = Release|Any CPU
		{3EE9639A-1EAA-43ED-84E0-096D932567CB}.Release|x64.ActiveCfg = Release|Any CPU
		{3EE9639A-1EAA-43ED-84E0-096D932567CB}.Release|x64.Build.0 = Release|Any CPU
		{3EE9639A-1EAA-43ED-84E0-096D932567CB}.Release|x86.ActiveCfg = Release|Any CPU
		{3EE9639A-1EAA-43ED-84E0-096D932567CB}.Release|x86.Build.0 = Release|Any CPU
		{D2378632-B249-4A62-9B64-BE714C49C4E0}.Debug|Any CPU.ActiveCfg = Debug|Any CPU
		{D2378632-B249-4A62-9B64-BE714C49C4E0}.Debug|Any CPU.Build.0 = Debug|Any CPU
		{D2378632-B249-4A62-9B64-BE714C49C4E0}.Debug|x64.ActiveCfg = Debug|Any CPU
		{D2378632-B249-4A62-9B64-BE714C49C4E0}.Debug|x64.Build.0 = Debug|Any CPU
		{D2378632-B249-4A62-9B64-BE714C49C4E0}.Debug|x86.ActiveCfg = Debug|Any CPU
		{D2378632-B249-4A62-9B64-BE714C49C4E0}.Debug|x86.Build.0 = Debug|Any CPU
		{D2378632-B249-4A62-9B64-BE714C49C4E0}.Release|Any CPU.ActiveCfg = Release|Any CPU
		{D2378632-B249-4A62-9B64-BE714C49C4E0}.Release|Any CPU.Build.0 = Release|Any CPU
		{D2378632-B249-4A62-9B64-BE714C49C4E0}.Release|x64.ActiveCfg = Release|Any CPU
		{D2378632-B249-4A62-9B64-BE714C49C4E0}.Release|x64.Build.0 = Release|Any CPU
		{D2378632-B249-4A62-9B64-BE714C49C4E0}.Release|x86.ActiveCfg = Release|Any CPU
		{D2378632-B249-4A62-9B64-BE714C49C4E0}.Release|x86.Build.0 = Release|Any CPU
		{655B1E47-7241-4003-8289-3077A5FBE88F}.Debug|Any CPU.ActiveCfg = Debug|Any CPU
		{655B1E47-7241-4003-8289-3077A5FBE88F}.Debug|Any CPU.Build.0 = Debug|Any CPU
		{655B1E47-7241-4003-8289-3077A5FBE88F}.Debug|x64.ActiveCfg = Debug|Any CPU
		{655B1E47-7241-4003-8289-3077A5FBE88F}.Debug|x64.Build.0 = Debug|Any CPU
		{655B1E47-7241-4003-8289-3077A5FBE88F}.Debug|x86.ActiveCfg = Debug|Any CPU
		{655B1E47-7241-4003-8289-3077A5FBE88F}.Debug|x86.Build.0 = Debug|Any CPU
		{655B1E47-7241-4003-8289-3077A5FBE88F}.Release|Any CPU.ActiveCfg = Release|Any CPU
		{655B1E47-7241-4003-8289-3077A5FBE88F}.Release|Any CPU.Build.0 = Release|Any CPU
		{655B1E47-7241-4003-8289-3077A5FBE88F}.Release|x64.ActiveCfg = Release|Any CPU
		{655B1E47-7241-4003-8289-3077A5FBE88F}.Release|x64.Build.0 = Release|Any CPU
		{655B1E47-7241-4003-8289-3077A5FBE88F}.Release|x86.ActiveCfg = Release|Any CPU
		{655B1E47-7241-4003-8289-3077A5FBE88F}.Release|x86.Build.0 = Release|Any CPU
		{6B74B469-2C73-45EF-93DC-5FEF2092A782}.Debug|Any CPU.ActiveCfg = Debug|Any CPU
		{6B74B469-2C73-45EF-93DC-5FEF2092A782}.Debug|Any CPU.Build.0 = Debug|Any CPU
		{6B74B469-2C73-45EF-93DC-5FEF2092A782}.Debug|x64.ActiveCfg = Debug|Any CPU
		{6B74B469-2C73-45EF-93DC-5FEF2092A782}.Debug|x64.Build.0 = Debug|Any CPU
		{6B74B469-2C73-45EF-93DC-5FEF2092A782}.Debug|x86.ActiveCfg = Debug|Any CPU
		{6B74B469-2C73-45EF-93DC-5FEF2092A782}.Debug|x86.Build.0 = Debug|Any CPU
		{6B74B469-2C73-45EF-93DC-5FEF2092A782}.Release|Any CPU.ActiveCfg = Release|Any CPU
		{6B74B469-2C73-45EF-93DC-5FEF2092A782}.Release|Any CPU.Build.0 = Release|Any CPU
		{6B74B469-2C73-45EF-93DC-5FEF2092A782}.Release|x64.ActiveCfg = Release|Any CPU
		{6B74B469-2C73-45EF-93DC-5FEF2092A782}.Release|x64.Build.0 = Release|Any CPU
		{6B74B469-2C73-45EF-93DC-5FEF2092A782}.Release|x86.ActiveCfg = Release|Any CPU
		{6B74B469-2C73-45EF-93DC-5FEF2092A782}.Release|x86.Build.0 = Release|Any CPU
		{54EB5C3F-3B28-4350-A2F0-4D8BE0D77401}.Debug|Any CPU.ActiveCfg = Debug|Any CPU
		{54EB5C3F-3B28-4350-A2F0-4D8BE0D77401}.Debug|Any CPU.Build.0 = Debug|Any CPU
		{54EB5C3F-3B28-4350-A2F0-4D8BE0D77401}.Debug|x64.ActiveCfg = Debug|Any CPU
		{54EB5C3F-3B28-4350-A2F0-4D8BE0D77401}.Debug|x64.Build.0 = Debug|Any CPU
		{54EB5C3F-3B28-4350-A2F0-4D8BE0D77401}.Debug|x86.ActiveCfg = Debug|Any CPU
		{54EB5C3F-3B28-4350-A2F0-4D8BE0D77401}.Debug|x86.Build.0 = Debug|Any CPU
		{54EB5C3F-3B28-4350-A2F0-4D8BE0D77401}.Release|Any CPU.ActiveCfg = Release|Any CPU
		{54EB5C3F-3B28-4350-A2F0-4D8BE0D77401}.Release|Any CPU.Build.0 = Release|Any CPU
		{54EB5C3F-3B28-4350-A2F0-4D8BE0D77401}.Release|x64.ActiveCfg = Release|Any CPU
		{54EB5C3F-3B28-4350-A2F0-4D8BE0D77401}.Release|x64.Build.0 = Release|Any CPU
		{54EB5C3F-3B28-4350-A2F0-4D8BE0D77401}.Release|x86.ActiveCfg = Release|Any CPU
		{54EB5C3F-3B28-4350-A2F0-4D8BE0D77401}.Release|x86.Build.0 = Release|Any CPU
		{6EBFFFAE-DC46-4F9B-B2A8-AF181C7BE94B}.Debug|Any CPU.ActiveCfg = Debug|Any CPU
		{6EBFFFAE-DC46-4F9B-B2A8-AF181C7BE94B}.Debug|Any CPU.Build.0 = Debug|Any CPU
		{6EBFFFAE-DC46-4F9B-B2A8-AF181C7BE94B}.Debug|x64.ActiveCfg = Debug|Any CPU
		{6EBFFFAE-DC46-4F9B-B2A8-AF181C7BE94B}.Debug|x64.Build.0 = Debug|Any CPU
		{6EBFFFAE-DC46-4F9B-B2A8-AF181C7BE94B}.Debug|x86.ActiveCfg = Debug|Any CPU
		{6EBFFFAE-DC46-4F9B-B2A8-AF181C7BE94B}.Debug|x86.Build.0 = Debug|Any CPU
		{6EBFFFAE-DC46-4F9B-B2A8-AF181C7BE94B}.Release|Any CPU.ActiveCfg = Release|Any CPU
		{6EBFFFAE-DC46-4F9B-B2A8-AF181C7BE94B}.Release|Any CPU.Build.0 = Release|Any CPU
		{6EBFFFAE-DC46-4F9B-B2A8-AF181C7BE94B}.Release|x64.ActiveCfg = Release|Any CPU
		{6EBFFFAE-DC46-4F9B-B2A8-AF181C7BE94B}.Release|x64.Build.0 = Release|Any CPU
		{6EBFFFAE-DC46-4F9B-B2A8-AF181C7BE94B}.Release|x86.ActiveCfg = Release|Any CPU
		{6EBFFFAE-DC46-4F9B-B2A8-AF181C7BE94B}.Release|x86.Build.0 = Release|Any CPU
		{702CF043-E2A8-4A77-8B8B-4D3C8B96BA53}.Debug|Any CPU.ActiveCfg = Debug|Any CPU
		{702CF043-E2A8-4A77-8B8B-4D3C8B96BA53}.Debug|Any CPU.Build.0 = Debug|Any CPU
		{702CF043-E2A8-4A77-8B8B-4D3C8B96BA53}.Debug|x64.ActiveCfg = Debug|Any CPU
		{702CF043-E2A8-4A77-8B8B-4D3C8B96BA53}.Debug|x64.Build.0 = Debug|Any CPU
		{702CF043-E2A8-4A77-8B8B-4D3C8B96BA53}.Debug|x86.ActiveCfg = Debug|Any CPU
		{702CF043-E2A8-4A77-8B8B-4D3C8B96BA53}.Debug|x86.Build.0 = Debug|Any CPU
		{702CF043-E2A8-4A77-8B8B-4D3C8B96BA53}.Release|Any CPU.ActiveCfg = Release|Any CPU
		{702CF043-E2A8-4A77-8B8B-4D3C8B96BA53}.Release|Any CPU.Build.0 = Release|Any CPU
		{702CF043-E2A8-4A77-8B8B-4D3C8B96BA53}.Release|x64.ActiveCfg = Release|Any CPU
		{702CF043-E2A8-4A77-8B8B-4D3C8B96BA53}.Release|x64.Build.0 = Release|Any CPU
		{702CF043-E2A8-4A77-8B8B-4D3C8B96BA53}.Release|x86.ActiveCfg = Release|Any CPU
		{702CF043-E2A8-4A77-8B8B-4D3C8B96BA53}.Release|x86.Build.0 = Release|Any CPU
		{912289F8-FAFC-4E3B-B4CB-14C6DB99DD67}.Debug|Any CPU.ActiveCfg = Debug|Any CPU
		{912289F8-FAFC-4E3B-B4CB-14C6DB99DD67}.Debug|Any CPU.Build.0 = Debug|Any CPU
		{912289F8-FAFC-4E3B-B4CB-14C6DB99DD67}.Debug|x64.ActiveCfg = Debug|Any CPU
		{912289F8-FAFC-4E3B-B4CB-14C6DB99DD67}.Debug|x64.Build.0 = Debug|Any CPU
		{912289F8-FAFC-4E3B-B4CB-14C6DB99DD67}.Debug|x86.ActiveCfg = Debug|Any CPU
		{912289F8-FAFC-4E3B-B4CB-14C6DB99DD67}.Debug|x86.Build.0 = Debug|Any CPU
		{912289F8-FAFC-4E3B-B4CB-14C6DB99DD67}.Release|Any CPU.ActiveCfg = Release|Any CPU
		{912289F8-FAFC-4E3B-B4CB-14C6DB99DD67}.Release|Any CPU.Build.0 = Release|Any CPU
		{912289F8-FAFC-4E3B-B4CB-14C6DB99DD67}.Release|x64.ActiveCfg = Release|Any CPU
		{912289F8-FAFC-4E3B-B4CB-14C6DB99DD67}.Release|x64.Build.0 = Release|Any CPU
		{912289F8-FAFC-4E3B-B4CB-14C6DB99DD67}.Release|x86.ActiveCfg = Release|Any CPU
		{912289F8-FAFC-4E3B-B4CB-14C6DB99DD67}.Release|x86.Build.0 = Release|Any CPU
		{3C287B42-B887-4287-99AF-A217E497A8B6}.Debug|Any CPU.ActiveCfg = Debug|Any CPU
		{3C287B42-B887-4287-99AF-A217E497A8B6}.Debug|Any CPU.Build.0 = Debug|Any CPU
		{3C287B42-B887-4287-99AF-A217E497A8B6}.Debug|x64.ActiveCfg = Debug|Any CPU
		{3C287B42-B887-4287-99AF-A217E497A8B6}.Debug|x64.Build.0 = Debug|Any CPU
		{3C287B42-B887-4287-99AF-A217E497A8B6}.Debug|x86.ActiveCfg = Debug|Any CPU
		{3C287B42-B887-4287-99AF-A217E497A8B6}.Debug|x86.Build.0 = Debug|Any CPU
		{3C287B42-B887-4287-99AF-A217E497A8B6}.Release|Any CPU.ActiveCfg = Release|Any CPU
		{3C287B42-B887-4287-99AF-A217E497A8B6}.Release|Any CPU.Build.0 = Release|Any CPU
		{3C287B42-B887-4287-99AF-A217E497A8B6}.Release|x64.ActiveCfg = Release|Any CPU
		{3C287B42-B887-4287-99AF-A217E497A8B6}.Release|x64.Build.0 = Release|Any CPU
		{3C287B42-B887-4287-99AF-A217E497A8B6}.Release|x86.ActiveCfg = Release|Any CPU
		{3C287B42-B887-4287-99AF-A217E497A8B6}.Release|x86.Build.0 = Release|Any CPU
		{E38950EB-930C-4300-B33B-D165246FEA8B}.Debug|Any CPU.ActiveCfg = Debug|Any CPU
		{E38950EB-930C-4300-B33B-D165246FEA8B}.Debug|Any CPU.Build.0 = Debug|Any CPU
		{E38950EB-930C-4300-B33B-D165246FEA8B}.Debug|x64.ActiveCfg = Debug|Any CPU
		{E38950EB-930C-4300-B33B-D165246FEA8B}.Debug|x64.Build.0 = Debug|Any CPU
		{E38950EB-930C-4300-B33B-D165246FEA8B}.Debug|x86.ActiveCfg = Debug|Any CPU
		{E38950EB-930C-4300-B33B-D165246FEA8B}.Debug|x86.Build.0 = Debug|Any CPU
		{E38950EB-930C-4300-B33B-D165246FEA8B}.Release|Any CPU.ActiveCfg = Release|Any CPU
		{E38950EB-930C-4300-B33B-D165246FEA8B}.Release|Any CPU.Build.0 = Release|Any CPU
		{E38950EB-930C-4300-B33B-D165246FEA8B}.Release|x64.ActiveCfg = Release|Any CPU
		{E38950EB-930C-4300-B33B-D165246FEA8B}.Release|x64.Build.0 = Release|Any CPU
		{E38950EB-930C-4300-B33B-D165246FEA8B}.Release|x86.ActiveCfg = Release|Any CPU
		{E38950EB-930C-4300-B33B-D165246FEA8B}.Release|x86.Build.0 = Release|Any CPU
		{1EBB169E-2A1A-4CC9-944B-D5C92502FB05}.Debug|Any CPU.ActiveCfg = Debug|Any CPU
		{1EBB169E-2A1A-4CC9-944B-D5C92502FB05}.Debug|Any CPU.Build.0 = Debug|Any CPU
		{1EBB169E-2A1A-4CC9-944B-D5C92502FB05}.Debug|x64.ActiveCfg = Debug|Any CPU
		{1EBB169E-2A1A-4CC9-944B-D5C92502FB05}.Debug|x64.Build.0 = Debug|Any CPU
		{1EBB169E-2A1A-4CC9-944B-D5C92502FB05}.Debug|x86.ActiveCfg = Debug|Any CPU
		{1EBB169E-2A1A-4CC9-944B-D5C92502FB05}.Debug|x86.Build.0 = Debug|Any CPU
		{1EBB169E-2A1A-4CC9-944B-D5C92502FB05}.Release|Any CPU.ActiveCfg = Release|Any CPU
		{1EBB169E-2A1A-4CC9-944B-D5C92502FB05}.Release|Any CPU.Build.0 = Release|Any CPU
		{1EBB169E-2A1A-4CC9-944B-D5C92502FB05}.Release|x64.ActiveCfg = Release|Any CPU
		{1EBB169E-2A1A-4CC9-944B-D5C92502FB05}.Release|x64.Build.0 = Release|Any CPU
		{1EBB169E-2A1A-4CC9-944B-D5C92502FB05}.Release|x86.ActiveCfg = Release|Any CPU
		{1EBB169E-2A1A-4CC9-944B-D5C92502FB05}.Release|x86.Build.0 = Release|Any CPU
	EndGlobalSection
	GlobalSection(SolutionProperties) = preSolution
		HideSolutionNode = FALSE
	EndGlobalSection
	GlobalSection(NestedProjects) = preSolution
		{B481716D-4254-448F-ADF3-CDB53D51D102} = {827E0CD3-B72D-47B6-A68D-7590B98EB39B}
		{3EE9639A-1EAA-43ED-84E0-096D932567CB} = {827E0CD3-B72D-47B6-A68D-7590B98EB39B}
		{D2378632-B249-4A62-9B64-BE714C49C4E0} = {827E0CD3-B72D-47B6-A68D-7590B98EB39B}
		{655B1E47-7241-4003-8289-3077A5FBE88F} = {827E0CD3-B72D-47B6-A68D-7590B98EB39B}
		{6B74B469-2C73-45EF-93DC-5FEF2092A782} = {827E0CD3-B72D-47B6-A68D-7590B98EB39B}
		{54EB5C3F-3B28-4350-A2F0-4D8BE0D77401} = {827E0CD3-B72D-47B6-A68D-7590B98EB39B}
		{6EBFFFAE-DC46-4F9B-B2A8-AF181C7BE94B} = {827E0CD3-B72D-47B6-A68D-7590B98EB39B}
		{702CF043-E2A8-4A77-8B8B-4D3C8B96BA53} = {827E0CD3-B72D-47B6-A68D-7590B98EB39B}
		{912289F8-FAFC-4E3B-B4CB-14C6DB99DD67} = {827E0CD3-B72D-47B6-A68D-7590B98EB39B}
		{3C287B42-B887-4287-99AF-A217E497A8B6} = {827E0CD3-B72D-47B6-A68D-7590B98EB39B}
		{E38950EB-930C-4300-B33B-D165246FEA8B} = {827E0CD3-B72D-47B6-A68D-7590B98EB39B}
		{1EBB169E-2A1A-4CC9-944B-D5C92502FB05} = {827E0CD3-B72D-47B6-A68D-7590B98EB39B}
	EndGlobalSection
EndGlobal
